// !$*UTF8*$!
{
	archiveVersion = 1;
	classes = {
	};
	objectVersion = 46;
	objects = {

/* Begin PBXBuildFile section */
		9D799A511A0D556D0014EE43 /* UIKit.framework in Frameworks */ = {isa = PBXBuildFile; fileRef = 9D799A501A0D556D0014EE43 /* UIKit.framework */; };
		9D799A531A0D556D0014EE43 /* Foundation.framework in Frameworks */ = {isa = PBXBuildFile; fileRef = 9D799A521A0D556D0014EE43 /* Foundation.framework */; };
		9D799A551A0D556D0014EE43 /* CoreGraphics.framework in Frameworks */ = {isa = PBXBuildFile; fileRef = 9D799A541A0D556D0014EE43 /* CoreGraphics.framework */; };
		9D799A5B1A0D556D0014EE43 /* InfoPlist.strings in Resources */ = {isa = PBXBuildFile; fileRef = 9D799A591A0D556D0014EE43 /* InfoPlist.strings */; };
		9D799A5D1A0D556D0014EE43 /* main.m in Sources */ = {isa = PBXBuildFile; fileRef = 9D799A5C1A0D556D0014EE43 /* main.m */; };
		9D799A611A0D556D0014EE43 /* AppDelegate.m in Sources */ = {isa = PBXBuildFile; fileRef = 9D799A601A0D556D0014EE43 /* AppDelegate.m */; };
		9D799A631A0D556D0014EE43 /* Default.png in Resources */ = {isa = PBXBuildFile; fileRef = 9D799A621A0D556D0014EE43 /* Default.png */; };
		9D799A651A0D556D0014EE43 /* Default@2x.png in Resources */ = {isa = PBXBuildFile; fileRef = 9D799A641A0D556D0014EE43 /* Default@2x.png */; };
		9D799A671A0D556D0014EE43 /* Default-568h@2x.png in Resources */ = {isa = PBXBuildFile; fileRef = 9D799A661A0D556D0014EE43 /* Default-568h@2x.png */; };
		9D799A6F1A0D556D0014EE43 /* SenTestingKit.framework in Frameworks */ = {isa = PBXBuildFile; fileRef = 9D799A6E1A0D556D0014EE43 /* SenTestingKit.framework */; };
		9D799A701A0D556D0014EE43 /* UIKit.framework in Frameworks */ = {isa = PBXBuildFile; fileRef = 9D799A501A0D556D0014EE43 /* UIKit.framework */; };
		9D799A711A0D556D0014EE43 /* Foundation.framework in Frameworks */ = {isa = PBXBuildFile; fileRef = 9D799A521A0D556D0014EE43 /* Foundation.framework */; };
		9D799A791A0D556D0014EE43 /* InfoPlist.strings in Resources */ = {isa = PBXBuildFile; fileRef = 9D799A771A0D556D0014EE43 /* InfoPlist.strings */; };
		9D799A7C1A0D556D0014EE43 /* Compra_certaTests.m in Sources */ = {isa = PBXBuildFile; fileRef = 9D799A7B1A0D556D0014EE43 /* Compra_certaTests.m */; };
/* End PBXBuildFile section */

/* Begin PBXContainerItemProxy section */
		9D799A721A0D556D0014EE43 /* PBXContainerItemProxy */ = {
			isa = PBXContainerItemProxy;
			containerPortal = 9D799A451A0D556C0014EE43 /* Project object */;
			proxyType = 1;
			remoteGlobalIDString = 9D799A4C1A0D556C0014EE43;
			remoteInfo = Compra_certa;
		};
/* End PBXContainerItemProxy section */

/* Begin PBXFileReference section */
		9D799A4D1A0D556C0014EE43 /* Compra_certa.app */ = {isa = PBXFileReference; explicitFileType = wrapper.application; includeInIndex = 0; path = Compra_certa.app; sourceTree = BUILT_PRODUCTS_DIR; };
		9D799A501A0D556D0014EE43 /* UIKit.framework */ = {isa = PBXFileReference; lastKnownFileType = wrapper.framework; name = UIKit.framework; path = System/Library/Frameworks/UIKit.framework; sourceTree = SDKROOT; };
		9D799A521A0D556D0014EE43 /* Foundation.framework */ = {isa = PBXFileReference; lastKnownFileType = wrapper.framework; name = Foundation.framework; path = System/Library/Frameworks/Foundation.framework; sourceTree = SDKROOT; };
		9D799A541A0D556D0014EE43 /* CoreGraphics.framework */ = {isa = PBXFileReference; lastKnownFileType = wrapper.framework; name = CoreGraphics.framework; path = System/Library/Frameworks/CoreGraphics.framework; sourceTree = SDKROOT; };
		9D799A581A0D556D0014EE43 /* Compra_certa-Info.plist */ = {isa = PBXFileReference; lastKnownFileType = text.plist.xml; path = "Compra_certa-Info.plist"; sourceTree = "<group>"; };
		9D799A5A1A0D556D0014EE43 /* en */ = {isa = PBXFileReference; lastKnownFileType = text.plist.strings; name = en; path = en.lproj/InfoPlist.strings; sourceTree = "<group>"; };
		9D799A5C1A0D556D0014EE43 /* main.m */ = {isa = PBXFileReference; lastKnownFileType = sourcecode.c.objc; path = main.m; sourceTree = "<group>"; };
		9D799A5E1A0D556D0014EE43 /* Compra_certa-Prefix.pch */ = {isa = PBXFileReference; lastKnownFileType = sourcecode.c.h; path = "Compra_certa-Prefix.pch"; sourceTree = "<group>"; };
		9D799A5F1A0D556D0014EE43 /* AppDelegate.h */ = {isa = PBXFileReference; lastKnownFileType = sourcecode.c.h; path = AppDelegate.h; sourceTree = "<group>"; };
		9D799A601A0D556D0014EE43 /* AppDelegate.m */ = {isa = PBXFileReference; lastKnownFileType = sourcecode.c.objc; path = AppDelegate.m; sourceTree = "<group>"; };
		9D799A621A0D556D0014EE43 /* Default.png */ = {isa = PBXFileReference; lastKnownFileType = image.png; path = Default.png; sourceTree = "<group>"; };
		9D799A641A0D556D0014EE43 /* Default@2x.png */ = {isa = PBXFileReference; lastKnownFileType = image.png; path = "Default@2x.png"; sourceTree = "<group>"; };
		9D799A661A0D556D0014EE43 /* Default-568h@2x.png */ = {isa = PBXFileReference; lastKnownFileType = image.png; path = "Default-568h@2x.png"; sourceTree = "<group>"; };
		9D799A6D1A0D556D0014EE43 /* Compra_certaTests.octest */ = {isa = PBXFileReference; explicitFileType = wrapper.cfbundle; includeInIndex = 0; path = Compra_certaTests.octest; sourceTree = BUILT_PRODUCTS_DIR; };
		9D799A6E1A0D556D0014EE43 /* SenTestingKit.framework */ = {isa = PBXFileReference; lastKnownFileType = wrapper.framework; name = SenTestingKit.framework; path = Library/Frameworks/SenTestingKit.framework; sourceTree = DEVELOPER_DIR; };
		9D799A761A0D556D0014EE43 /* Compra_certaTests-Info.plist */ = {isa = PBXFileReference; lastKnownFileType = text.plist.xml; path = "Compra_certaTests-Info.plist"; sourceTree = "<group>"; };
		9D799A781A0D556D0014EE43 /* en */ = {isa = PBXFileReference; lastKnownFileType = text.plist.strings; name = en; path = en.lproj/InfoPlist.strings; sourceTree = "<group>"; };
		9D799A7A1A0D556D0014EE43 /* Compra_certaTests.h */ = {isa = PBXFileReference; lastKnownFileType = sourcecode.c.h; path = Compra_certaTests.h; sourceTree = "<group>"; };
		9D799A7B1A0D556D0014EE43 /* Compra_certaTests.m */ = {isa = PBXFileReference; lastKnownFileType = sourcecode.c.objc; path = Compra_certaTests.m; sourceTree = "<group>"; };
/* End PBXFileReference section */

/* Begin PBXFrameworksBuildPhase section */
		9D799A4A1A0D556C0014EE43 /* Frameworks */ = {
			isa = PBXFrameworksBuildPhase;
			buildActionMask = 2147483647;
			files = (
				9D799A511A0D556D0014EE43 /* UIKit.framework in Frameworks */,
				9D799A531A0D556D0014EE43 /* Foundation.framework in Frameworks */,
				9D799A551A0D556D0014EE43 /* CoreGraphics.framework in Frameworks */,
			);
			runOnlyForDeploymentPostprocessing = 0;
		};
		9D799A691A0D556D0014EE43 /* Frameworks */ = {
			isa = PBXFrameworksBuildPhase;
			buildActionMask = 2147483647;
			files = (
				9D799A6F1A0D556D0014EE43 /* SenTestingKit.framework in Frameworks */,
				9D799A701A0D556D0014EE43 /* UIKit.framework in Frameworks */,
				9D799A711A0D556D0014EE43 /* Foundation.framework in Frameworks */,
			);
			runOnlyForDeploymentPostprocessing = 0;
		};
/* End PBXFrameworksBuildPhase section */

/* Begin PBXGroup section */
		9D799A441A0D556C0014EE43 = {
			isa = PBXGroup;
			children = (
				9D799A561A0D556D0014EE43 /* Compra_certa */,
				9D799A741A0D556D0014EE43 /* Compra_certaTests */,
				9D799A4F1A0D556C0014EE43 /* Frameworks */,
				9D799A4E1A0D556C0014EE43 /* Products */,
			);
			sourceTree = "<group>";
		};
		9D799A4E1A0D556C0014EE43 /* Products */ = {
			isa = PBXGroup;
			children = (
				9D799A4D1A0D556C0014EE43 /* Compra_certa.app */,
				9D799A6D1A0D556D0014EE43 /* Compra_certaTests.octest */,
			);
			name = Products;
			sourceTree = "<group>";
		};
		9D799A4F1A0D556C0014EE43 /* Frameworks */ = {
			isa = PBXGroup;
			children = (
				9D799A501A0D556D0014EE43 /* UIKit.framework */,
				9D799A521A0D556D0014EE43 /* Foundation.framework */,
				9D799A541A0D556D0014EE43 /* CoreGraphics.framework */,
				9D799A6E1A0D556D0014EE43 /* SenTestingKit.framework */,
			);
			name = Frameworks;
			sourceTree = "<group>";
		};
		9D799A561A0D556D0014EE43 /* Compra_certa */ = {
			isa = PBXGroup;
			children = (
				9D799A5F1A0D556D0014EE43 /* AppDelegate.h */,
				9D799A601A0D556D0014EE43 /* AppDelegate.m */,
				9D799A571A0D556D0014EE43 /* Supporting Files */,
			);
			path = Compra_certa;
			sourceTree = "<group>";
		};
		9D799A571A0D556D0014EE43 /* Supporting Files */ = {
			isa = PBXGroup;
			children = (
				9D799A581A0D556D0014EE43 /* Compra_certa-Info.plist */,
				9D799A591A0D556D0014EE43 /* InfoPlist.strings */,
				9D799A5C1A0D556D0014EE43 /* main.m */,
				9D799A5E1A0D556D0014EE43 /* Compra_certa-Prefix.pch */,
				9D799A621A0D556D0014EE43 /* Default.png */,
				9D799A641A0D556D0014EE43 /* Default@2x.png */,
				9D799A661A0D556D0014EE43 /* Default-568h@2x.png */,
			);
			name = "Supporting Files";
			sourceTree = "<group>";
		};
		9D799A741A0D556D0014EE43 /* Compra_certaTests */ = {
			isa = PBXGroup;
			children = (
				9D799A7A1A0D556D0014EE43 /* Compra_certaTests.h */,
				9D799A7B1A0D556D0014EE43 /* Compra_certaTests.m */,
				9D799A751A0D556D0014EE43 /* Supporting Files */,
			);
			path = Compra_certaTests;
			sourceTree = "<group>";
		};
		9D799A751A0D556D0014EE43 /* Supporting Files */ = {
			isa = PBXGroup;
			children = (
				9D799A761A0D556D0014EE43 /* Compra_certaTests-Info.plist */,
				9D799A771A0D556D0014EE43 /* InfoPlist.strings */,
			);
			name = "Supporting Files";
			sourceTree = "<group>";
		};
/* End PBXGroup section */

/* Begin PBXNativeTarget section */
		9D799A4C1A0D556C0014EE43 /* Compra_certa */ = {
			isa = PBXNativeTarget;
			buildConfigurationList = 9D799A7F1A0D556D0014EE43 /* Build configuration list for PBXNativeTarget "Compra_certa" */;
			buildPhases = (
				9D799A491A0D556C0014EE43 /* Sources */,
				9D799A4A1A0D556C0014EE43 /* Frameworks */,
				9D799A4B1A0D556C0014EE43 /* Resources */,
			);
			buildRules = (
			);
			dependencies = (
			);
			name = Compra_certa;
			productName = Compra_certa;
			productReference = 9D799A4D1A0D556C0014EE43 /* Compra_certa.app */;
			productType = "com.apple.product-type.application";
		};
		9D799A6C1A0D556D0014EE43 /* Compra_certaTests */ = {
			isa = PBXNativeTarget;
			buildConfigurationList = 9D799A821A0D556D0014EE43 /* Build configuration list for PBXNativeTarget "Compra_certaTests" */;
			buildPhases = (
				9D799A681A0D556D0014EE43 /* Sources */,
				9D799A691A0D556D0014EE43 /* Frameworks */,
				9D799A6A1A0D556D0014EE43 /* Resources */,
				9D799A6B1A0D556D0014EE43 /* ShellScript */,
			);
			buildRules = (
			);
			dependencies = (
				9D799A731A0D556D0014EE43 /* PBXTargetDependency */,
			);
			name = Compra_certaTests;
			productName = Compra_certaTests;
			productReference = 9D799A6D1A0D556D0014EE43 /* Compra_certaTests.octest */;
			productType = "com.apple.product-type.bundle";
		};
/* End PBXNativeTarget section */

/* Begin PBXProject section */
		9D799A451A0D556C0014EE43 /* Project object */ = {
			isa = PBXProject;
			attributes = {
				LastUpgradeCheck = 0460;
				ORGANIZATIONNAME = "Mateus Gondim";
			};
			buildConfigurationList = 9D799A481A0D556C0014EE43 /* Build configuration list for PBXProject "Compra_certa" */;
			compatibilityVersion = "Xcode 3.2";
			developmentRegion = English;
			hasScannedForEncodings = 0;
			knownRegions = (
				en,
			);
			mainGroup = 9D799A441A0D556C0014EE43;
			productRefGroup = 9D799A4E1A0D556C0014EE43 /* Products */;
			projectDirPath = "";
			projectRoot = "";
			targets = (
				9D799A4C1A0D556C0014EE43 /* Compra_certa */,
				9D799A6C1A0D556D0014EE43 /* Compra_certaTests */,
			);
		};
/* End PBXProject section */

/* Begin PBXResourcesBuildPhase section */
		9D799A4B1A0D556C0014EE43 /* Resources */ = {
			isa = PBXResourcesBuildPhase;
			buildActionMask = 2147483647;
			files = (
				9D799A5B1A0D556D0014EE43 /* InfoPlist.strings in Resources */,
				9D799A631A0D556D0014EE43 /* Default.png in Resources */,
				9D799A651A0D556D0014EE43 /* Default@2x.png in Resources */,
				9D799A671A0D556D0014EE43 /* Default-568h@2x.png in Resources */,
			);
			runOnlyForDeploymentPostprocessing = 0;
		};
		9D799A6A1A0D556D0014EE43 /* Resources */ = {
			isa = PBXResourcesBuildPhase;
			buildActionMask = 2147483647;
			files = (
				9D799A791A0D556D0014EE43 /* InfoPlist.strings in Resources */,
			);
			runOnlyForDeploymentPostprocessing = 0;
		};
/* End PBXResourcesBuildPhase section */

/* Begin PBXShellScriptBuildPhase section */
		9D799A6B1A0D556D0014EE43 /* ShellScript */ = {
			isa = PBXShellScriptBuildPhase;
			buildActionMask = 2147483647;
			files = (
			);
			inputPaths = (
			);
			outputPaths = (
			);
			runOnlyForDeploymentPostprocessing = 0;
			shellPath = /bin/sh;
			shellScript = "# Run the unit tests in this test bundle.\n\"${SYSTEM_DEVELOPER_DIR}/Tools/RunUnitTests\"\n";
		};
/* End PBXShellScriptBuildPhase section */

/* Begin PBXSourcesBuildPhase section */
		9D799A491A0D556C0014EE43 /* Sources */ = {
			isa = PBXSourcesBuildPhase;
			buildActionMask = 2147483647;
			files = (
				9D799A5D1A0D556D0014EE43 /* main.m in Sources */,
				9D799A611A0D556D0014EE43 /* AppDelegate.m in Sources */,
			);
			runOnlyForDeploymentPostprocessing = 0;
		};
		9D799A681A0D556D0014EE43 /* Sources */ = {
			isa = PBXSourcesBuildPhase;
			buildActionMask = 2147483647;
			files = (
				9D799A7C1A0D556D0014EE43 /* Compra_certaTests.m in Sources */,
			);
			runOnlyForDeploymentPostprocessing = 0;
		};
/* End PBXSourcesBuildPhase section */

/* Begin PBXTargetDependency section */
		9D799A731A0D556D0014EE43 /* PBXTargetDependency */ = {
			isa = PBXTargetDependency;
			target = 9D799A4C1A0D556C0014EE43 /* Compra_certa */;
			targetProxy = 9D799A721A0D556D0014EE43 /* PBXContainerItemProxy */;
		};
/* End PBXTargetDependency section */

/* Begin PBXVariantGroup section */
		9D799A591A0D556D0014EE43 /* InfoPlist.strings */ = {
			isa = PBXVariantGroup;
			children = (
				9D799A5A1A0D556D0014EE43 /* en */,
			);
			name = InfoPlist.strings;
			sourceTree = "<group>";
		};
		9D799A771A0D556D0014EE43 /* InfoPlist.strings */ = {
			isa = PBXVariantGroup;
			children = (
				9D799A781A0D556D0014EE43 /* en */,
			);
			name = InfoPlist.strings;
			sourceTree = "<group>";
		};
/* End PBXVariantGroup section */

/* Begin XCBuildConfiguration section */
		9D799A7D1A0D556D0014EE43 /* Debug */ = {
			isa = XCBuildConfiguration;
			buildSettings = {
				ALWAYS_SEARCH_USER_PATHS = NO;
				CLANG_CXX_LANGUAGE_STANDARD = "gnu++0x";
				CLANG_CXX_LIBRARY = "libc++";
				CLANG_ENABLE_OBJC_ARC = YES;
				CLANG_WARN_CONSTANT_CONVERSION = YES;
				CLANG_WARN_EMPTY_BODY = YES;
				CLANG_WARN_ENUM_CONVERSION = YES;
				CLANG_WARN_INT_CONVERSION = YES;
				CLANG_WARN__DUPLICATE_METHOD_MATCH = YES;
				"CODE_SIGN_IDENTITY[sdk=iphoneos*]" = "iPhone Developer";
				COPY_PHASE_STRIP = NO;
				GCC_C_LANGUAGE_STANDARD = gnu99;
				GCC_DYNAMIC_NO_PIC = NO;
				GCC_OPTIMIZATION_LEVEL = 0;
				GCC_PREPROCESSOR_DEFINITIONS = (
					"DEBUG=1",
					"$(inherited)",
				);
				GCC_SYMBOLS_PRIVATE_EXTERN = NO;
				GCC_WARN_ABOUT_RETURN_TYPE = YES;
				GCC_WARN_UNINITIALIZED_AUTOS = YES;
				GCC_WARN_UNUSED_VARIABLE = YES;
				IPHONEOS_DEPLOYMENT_TARGET = 6.1;
				ONLY_ACTIVE_ARCH = YES;
				SDKROOT = iphoneos;
				TARGETED_DEVICE_FAMILY = "1,2";
			};
			name = Debug;
		};
		9D799A7E1A0D556D0014EE43 /* Release */ = {
			isa = XCBuildConfiguration;
			buildSettings = {
				ALWAYS_SEARCH_USER_PATHS = NO;
				CLANG_CXX_LANGUAGE_STANDARD = "gnu++0x";
				CLANG_CXX_LIBRARY = "libc++";
				CLANG_ENABLE_OBJC_ARC = YES;
				CLANG_WARN_CONSTANT_CONVERSION = YES;
				CLANG_WARN_EMPTY_BODY = YES;
				CLANG_WARN_ENUM_CONVERSION = YES;
				CLANG_WARN_INT_CONVERSION = YES;
				CLANG_WARN__DUPLICATE_METHOD_MATCH = YES;
				"CODE_SIGN_IDENTITY[sdk=iphoneos*]" = "iPhone Developer";
				COPY_PHASE_STRIP = YES;
				GCC_C_LANGUAGE_STANDARD = gnu99;
				GCC_WARN_ABOUT_RETURN_TYPE = YES;
				GCC_WARN_UNINITIALIZED_AUTOS = YES;
				GCC_WARN_UNUSED_VARIABLE = YES;
				IPHONEOS_DEPLOYMENT_TARGET = 6.1;
				OTHER_CFLAGS = "-DNS_BLOCK_ASSERTIONS=1";
				SDKROOT = iphoneos;
				TARGETED_DEVICE_FAMILY = "1,2";
				VALIDATE_PRODUCT = YES;
			};
			name = Release;
		};
		9D799A801A0D556D0014EE43 /* Debug */ = {
			isa = XCBuildConfiguration;
			buildSettings = {
				GCC_PRECOMPILE_PREFIX_HEADER = YES;
				GCC_PREFIX_HEADER = "Compra_certa/Compra_certa-Prefix.pch";
				INFOPLIST_FILE = "Compra_certa/Compra_certa-Info.plist";
				PRODUCT_NAME = "$(TARGET_NAME)";
				WRAPPER_EXTENSION = app;
			};
			name = Debug;
		};
		9D799A811A0D556D0014EE43 /* Release */ = {
			isa = XCBuildConfiguration;
			buildSettings = {
				GCC_PRECOMPILE_PREFIX_HEADER = YES;
				GCC_PREFIX_HEADER = "Compra_certa/Compra_certa-Prefix.pch";
				INFOPLIST_FILE = "Compra_certa/Compra_certa-Info.plist";
				PRODUCT_NAME = "$(TARGET_NAME)";
				WRAPPER_EXTENSION = app;
			};
			name = Release;
		};
		9D799A831A0D556D0014EE43 /* Debug */ = {
			isa = XCBuildConfiguration;
			buildSettings = {
				BUNDLE_LOADER = "$(BUILT_PRODUCTS_DIR)/Compra_certa.app/Compra_certa";
				FRAMEWORK_SEARCH_PATHS = (
					"\"$(SDKROOT)/Developer/Library/Frameworks\"",
					"\"$(DEVELOPER_LIBRARY_DIR)/Frameworks\"",
				);
				GCC_PRECOMPILE_PREFIX_HEADER = YES;
				GCC_PREFIX_HEADER = "Compra_certa/Compra_certa-Prefix.pch";
				INFOPLIST_FILE = "Compra_certaTests/Compra_certaTests-Info.plist";
				PRODUCT_NAME = "$(TARGET_NAME)";
				TEST_HOST = "$(BUNDLE_LOADER)";
				WRAPPER_EXTENSION = octest;
			};
			name = Debug;
		};
		9D799A841A0D556D0014EE43 /* Release */ = {
			isa = XCBuildConfiguration;
			buildSettings = {
				BUNDLE_LOADER = "$(BUILT_PRODUCTS_DIR)/Compra_certa.app/Compra_certa";
				FRAMEWORK_SEARCH_PATHS = (
					"\"$(SDKROOT)/Developer/Library/Frameworks\"",
					"\"$(DEVELOPER_LIBRARY_DIR)/Frameworks\"",
				);
				GCC_PRECOMPILE_PREFIX_HEADER = YES;
				GCC_PREFIX_HEADER = "Compra_certa/Compra_certa-Prefix.pch";
				INFOPLIST_FILE = "Compra_certaTests/Compra_certaTests-Info.plist";
				PRODUCT_NAME = "$(TARGET_NAME)";
				TEST_HOST = "$(BUNDLE_LOADER)";
				WRAPPER_EXTENSION = octest;
			};
			name = Release;
		};
/* End XCBuildConfiguration section */

/* Begin XCConfigurationList section */
		9D799A481A0D556C0014EE43 /* Build configuration list for PBXProject "Compra_certa" */ = {
			isa = XCConfigurationList;
			buildConfigurations = (
				9D799A7D1A0D556D0014EE43 /* Debug */,
				9D799A7E1A0D556D0014EE43 /* Release */,
			);
			defaultConfigurationIsVisible = 0;
			defaultConfigurationName = Release;
		};
		9D799A7F1A0D556D0014EE43 /* Build configuration list for PBXNativeTarget "Compra_certa" */ = {
			isa = XCConfigurationList;
			buildConfigurations = (
				9D799A801A0D556D0014EE43 /* Debug */,
				9D799A811A0D556D0014EE43 /* Release */,
			);
			defaultConfigurationIsVisible = 0;
		};
		9D799A821A0D556D0014EE43 /* Build configuration list for PBXNativeTarget "Compra_certaTests" */ = {
			isa = XCConfigurationList;
			buildConfigurations = (
				9D799A831A0D556D0014EE43 /* Debug */,
				9D799A841A0D556D0014EE43 /* Release */,
			);
			defaultConfigurationIsVisible = 0;
		};
/* End XCConfigurationList section */
	};
	rootObject = 9D799A451A0D556C0014EE43 /* Project object */;
}
